
Microsoft Visual Studio Solution File, Format Version 12.00
# Visual Studio 15
VisualStudioVersion = 15.0.27130.2010
MinimumVisualStudioVersion = 10.0.40219.1
Project("{2150E333-8FDC-42A3-9474-1A3956D46DE8}") = "LOGGER", "LOGGER", "{DF99D8B2-8DE2-454D-A94B-CE44F50E7DB9}"
EndProject
Project("{2150E333-8FDC-42A3-9474-1A3956D46DE8}") = "IOC", "IOC", "{10CE5644-506B-41EA-8966-DB7F67B0EA12}"
EndProject
Project("{2150E333-8FDC-42A3-9474-1A3956D46DE8}") = "PROJE", "PROJE", "{B6BF7B91-F2EC-486C-A272-59E78069F293}"
EndProject
Project("{FAE04EC0-301F-11D3-BF4B-00C04F79EFBC}") = "IocContainer", "IocContainer\IocContainer.csproj", "{D02A03C9-CA8E-481B-A44C-2BE65B09C407}"
EndProject
Project("{FAE04EC0-301F-11D3-BF4B-00C04F79EFBC}") = "Log", "Log\Log.csproj", "{D8AFB96A-6AF0-4C2F-86AB-16305FC7D562}"
EndProject
Project("{FAE04EC0-301F-11D3-BF4B-00C04F79EFBC}") = "Log.WebApi", "Log.WebApi\Log.WebApi.csproj", "{733AAD0D-F4A0-4BB9-A7CC-A04A72A7D19C}"
EndProject
Project("{FAE04EC0-301F-11D3-BF4B-00C04F79EFBC}") = "Log.WebApi.Aop", "Log.WebApi.Aop\Log.WebApi.Aop.csproj", "{24603F1A-C6A5-4904-8BD3-4F57BD017E8B}"
EndProject
Project("{FAE04EC0-301F-11D3-BF4B-00C04F79EFBC}") = "Log.WebApi.Debug", "Log.WebApi.Debug\Log.WebApi.Debug.csproj", "{B52B6045-1D48-4B44-9C95-F2AC871D53D0}"
EndProject
Project("{FAE04EC0-301F-11D3-BF4B-00C04F79EFBC}") = "Log.WebApi.Mssql", "Log.WebApi.Mssql\Log.WebApi.Mssql.csproj", "{022AD468-A193-4BC2-8C10-26105D2B1675}"
EndProject
Project("{FAE04EC0-301F-11D3-BF4B-00C04F79EFBC}") = "WebApiLogDenemeProjesi", "WebApiLogDenemeProjesi\WebApiLogDenemeProjesi.csproj", "{1734F0BF-22BF-49AA-BC9F-25B55A9BA486}"
EndProject
Global
	GlobalSection(SolutionConfigurationPlatforms) = preSolution
		Debug|Any CPU = Debug|Any CPU
		Release|Any CPU = Release|Any CPU
	EndGlobalSection
	GlobalSection(ProjectConfigurationPlatforms) = postSolution
		{D02A03C9-CA8E-481B-A44C-2BE65B09C407}.Debug|Any CPU.ActiveCfg = Debug|Any CPU
		{D02A03C9-CA8E-481B-A44C-2BE65B09C407}.Debug|Any CPU.Build.0 = Debug|Any CPU
		{D02A03C9-CA8E-481B-A44C-2BE65B09C407}.Release|Any CPU.ActiveCfg = Release|Any CPU
		{D02A03C9-CA8E-481B-A44C-2BE65B09C407}.Release|Any CPU.Build.0 = Release|Any CPU
		{D8AFB96A-6AF0-4C2F-86AB-16305FC7D562}.Debug|Any CPU.ActiveCfg = Debug|Any CPU
		{D8AFB96A-6AF0-4C2F-86AB-16305FC7D562}.Debug|Any CPU.Build.0 = Debug|Any CPU
		{D8AFB96A-6AF0-4C2F-86AB-16305FC7D562}.Release|Any CPU.ActiveCfg = Release|Any CPU
		{D8AFB96A-6AF0-4C2F-86AB-16305FC7D562}.Release|Any CPU.Build.0 = Release|Any CPU
		{733AAD0D-F4A0-4BB9-A7CC-A04A72A7D19C}.Debug|Any CPU.ActiveCfg = Debug|Any CPU
		{733AAD0D-F4A0-4BB9-A7CC-A04A72A7D19C}.Debug|Any CPU.Build.0 = Debug|Any CPU
		{733AAD0D-F4A0-4BB9-A7CC-A04A72A7D19C}.Release|Any CPU.ActiveCfg = Release|Any CPU
		{733AAD0D-F4A0-4BB9-A7CC-A04A72A7D19C}.Release|Any CPU.Build.0 = Release|Any CPU
		{24603F1A-C6A5-4904-8BD3-4F57BD017E8B}.Debug|Any CPU.ActiveCfg = Debug|Any CPU
		{24603F1A-C6A5-4904-8BD3-4F57BD017E8B}.Debug|Any CPU.Build.0 = Debug|Any CPU
		{24603F1A-C6A5-4904-8BD3-4F57BD017E8B}.Release|Any CPU.ActiveCfg = Release|Any CPU
		{24603F1A-C6A5-4904-8BD3-4F57BD017E8B}.Release|Any CPU.Build.0 = Release|Any CPU
		{B52B6045-1D48-4B44-9C95-F2AC871D53D0}.Debug|Any CPU.ActiveCfg = Debug|Any CPU
		{B52B6045-1D48-4B44-9C95-F2AC871D53D0}.Debug|Any CPU.Build.0 = Debug|Any CPU
		{B52B6045-1D48-4B44-9C95-F2AC871D53D0}.Release|Any CPU.ActiveCfg = Release|Any CPU
		{B52B6045-1D48-4B44-9C95-F2AC871D53D0}.Release|Any CPU.Build.0 = Release|Any CPU
		{022AD468-A193-4BC2-8C10-26105D2B1675}.Debug|Any CPU.ActiveCfg = Debug|Any CPU
		{022AD468-A193-4BC2-8C10-26105D2B1675}.Debug|Any CPU.Build.0 = Debug|Any CPU
		{022AD468-A193-4BC2-8C10-26105D2B1675}.Release|Any CPU.ActiveCfg = Release|Any CPU
		{022AD468-A193-4BC2-8C10-26105D2B1675}.Release|Any CPU.Build.0 = Release|Any CPU
		{1734F0BF-22BF-49AA-BC9F-25B55A9BA486}.Debug|Any CPU.ActiveCfg = Debug|Any CPU
		{1734F0BF-22BF-49AA-BC9F-25B55A9BA486}.Debug|Any CPU.Build.0 = Debug|Any CPU
		{1734F0BF-22BF-49AA-BC9F-25B55A9BA486}.Release|Any CPU.ActiveCfg = Release|Any CPU
		{1734F0BF-22BF-49AA-BC9F-25B55A9BA486}.Release|Any CPU.Build.0 = Release|Any CPU
	EndGlobalSection
	GlobalSection(SolutionProperties) = preSolution
		HideSolutionNode = FALSE
	EndGlobalSection
	GlobalSection(NestedProjects) = preSolution
		{D02A03C9-CA8E-481B-A44C-2BE65B09C407} = {10CE5644-506B-41EA-8966-DB7F67B0EA12}
		{D8AFB96A-6AF0-4C2F-86AB-16305FC7D562} = {DF99D8B2-8DE2-454D-A94B-CE44F50E7DB9}
		{733AAD0D-F4A0-4BB9-A7CC-A04A72A7D19C} = {DF99D8B2-8DE2-454D-A94B-CE44F50E7DB9}
		{24603F1A-C6A5-4904-8BD3-4F57BD017E8B} = {DF99D8B2-8DE2-454D-A94B-CE44F50E7DB9}
		{B52B6045-1D48-4B44-9C95-F2AC871D53D0} = {DF99D8B2-8DE2-454D-A94B-CE44F50E7DB9}
		{022AD468-A193-4BC2-8C10-26105D2B1675} = {DF99D8B2-8DE2-454D-A94B-CE44F50E7DB9}
		{1734F0BF-22BF-49AA-BC9F-25B55A9BA486} = {B6BF7B91-F2EC-486C-A272-59E78069F293}
	EndGlobalSection
	GlobalSection(ExtensibilityGlobals) = postSolution
		SolutionGuid = {0A9A24B3-0EF2-4C16-AB32-D058CD71110F}
	EndGlobalSection
EndGlobal
